
Microsoft Visual Studio Solution File, Format Version 12.00
# Visual Studio Version 16
VisualStudioVersion = 16.0.30717.126
MinimumVisualStudioVersion = 10.0.40219.1
Project("{FAE04EC0-301F-11D3-BF4B-00C04F79EFBC}") = "SampleApp", "SampleApp\SampleApp.csproj", "{883D8200-20B1-4D60-A9D9-88AAFAD78888}"
EndProject
Project("{2150E333-8FDC-42A3-9474-1A3956D46DE8}") = "Solution Items", "Solution Items", "{49C17B4E-38E7-4E33-BAC6-9054761085DC}"
	ProjectSection(SolutionItems) = preProject
		Dockerfile = Dockerfile
	EndProjectSection
EndProject
Global
	GlobalSection(SolutionConfigurationPlatforms) = preSolution
		Debug|Any CPU = Debug|Any CPU
		Release|Any CPU = Release|Any CPU
	EndGlobalSection
	GlobalSection(ProjectConfigurationPlatforms) = postSolution
		{883D8200-20B1-4D60-A9D9-88AAFAD78888}.Debug|Any CPU.ActiveCfg = Debug|Any CPU
		{883D8200-20B1-4D60-A9D9-88AAFAD78888}.Debug|Any CPU.Build.0 = Debug|Any CPU
		{883D8200-20B1-4D60-A9D9-88AAFAD78888}.Release|Any CPU.ActiveCfg = Release|Any CPU
		{883D8200-20B1-4D60-A9D9-88AAFAD78888}.Release|Any CPU.Build.0 = Release|Any CPU
	EndGlobalSection
	GlobalSection(SolutionProperties) = preSolution
		HideSolutionNode = FALSE
	EndGlobalSection
	GlobalSection(ExtensibilityGlobals) = postSolution
		SolutionGuid = {DA323A30-8C45-4FEC-B63B-2EDB5A1CB3F1}
	EndGlobalSection
EndGlobal
